# This file was autogenerated by Stack.
# You should not edit this file by hand.
# For more information, please see the documentation at:
#   https://docs.haskellstack.org/en/stable/lock_files

packages:
- completed:
    hackage: papa-0.3.1@sha256:4268f247a272a13ee26c2d23cbf39d344127151271e4ae63404bdd8b1750c598,2110
    pantry-tree:
      size: 251
      sha256: 35951052431b35c05ac048bf286afe2bcd4c4356b99aa8236c58fe0743bb0c14
  original:
    hackage: papa-0.3.1@sha256:4268f247a272a13ee26c2d23cbf39d344127151271e4ae63404bdd8b1750c598,2110
- completed:
    hackage: papa-base-0.3.1@sha256:5ee6f4110973147cb27d129e23a246b8ef31f47b7799bf8f15ed170e30a043e7,1410
    pantry-tree:
      size: 260
      sha256: e34ea98df258df38a690409446342945321f1befbce7083db90dd9bc53026d89
  original:
    hackage: papa-base-0.3.1@sha256:5ee6f4110973147cb27d129e23a246b8ef31f47b7799bf8f15ed170e30a043e7,1410
- completed:
    hackage: papa-base-export-0.4@sha256:9f61386150363e4219becfb79b9a82267b603b68d428b1055039183ae9ae72f7,2356
    pantry-tree:
      size: 1940
      sha256: b12141157e04ebe53f77b2cdaaa12b05c627062f1b09f8c504026e92e2381fb6
  original:
    hackage: papa-base-export-0.4@sha256:9f61386150363e4219becfb79b9a82267b603b68d428b1055039183ae9ae72f7,2356
- completed:
    hackage: papa-base-implement-0.3.1@sha256:4aebf6c11be41d39af458f2fc3095fe427a577c537caf074d38f4988b1bdc0f5,1843
    pantry-tree:
      size: 923
      sha256: b4657a57d08c0833097b2f1a7b62a0785090e2d87a9ab03a247d7e22f5c00e2f
  original:
    hackage: papa-base-implement-0.3.1@sha256:4aebf6c11be41d39af458f2fc3095fe427a577c537caf074d38f4988b1bdc0f5,1843
- completed:
    hackage: papa-bifunctors-0.3.1@sha256:5e23e21e6808d258353cd59f117a2f45aca3295369583703eda484f7742df6b2,1444
    pantry-tree:
      size: 272
      sha256: 35fdc2817f52dc609f90e7b6a4f8eedc2f227ba552734cec17ef834f4fea48b4
  original:
    hackage: papa-bifunctors-0.3.1@sha256:5e23e21e6808d258353cd59f117a2f45aca3295369583703eda484f7742df6b2,1444
- completed:
    hackage: papa-bifunctors-export-0.3.1@sha256:f5cc540d31e0e1563fbf7ebc56133bf4e7b3d1d82fa55d6d5ad36855c6dab2b4,1446
    pantry-tree:
      size: 287
      sha256: 2701759fe7a0ff07095cfc3a09de138ca316c2062dc466f8d4c29ab96a75649e
  original:
    hackage: papa-bifunctors-export-0.3.1@sha256:f5cc540d31e0e1563fbf7ebc56133bf4e7b3d1d82fa55d6d5ad36855c6dab2b4,1446
- completed:
    hackage: papa-bifunctors-implement-0.3.1@sha256:76557bbd0de4007a31e9176332fe3c8d67e30a76a2adf5942d0aca2eea76f638,1454
    pantry-tree:
      size: 380
      sha256: 355ca52019d20b14ef2b968ce4f08161023783ac36503b02aadb48d8817f4b42
  original:
    hackage: papa-bifunctors-implement-0.3.1@sha256:76557bbd0de4007a31e9176332fe3c8d67e30a76a2adf5942d0aca2eea76f638,1454
- completed:
    hackage: papa-lens-0.3.1@sha256:9ef95dd7f093d401e7664678d560fd6b52cf4b3851f63f882148e65f2504f949,1410
    pantry-tree:
      size: 260
      sha256: 25c11e776bccd4bd4bbd7c3c320f76d76b7357db01cb6270610e0dac261aedde
  original:
    hackage: papa-lens-0.3.1@sha256:9ef95dd7f093d401e7664678d560fd6b52cf4b3851f63f882148e65f2504f949,1410
- completed:
    hackage: papa-lens-export-0.3.1@sha256:597c67c2ac86190204a1b533132867fa0c10b23f706865cdd8308f3cae70574e,1354
    pantry-tree:
      size: 274
      sha256: f628dec5dd8741bf0a72b7ce51d9033e4a5ae8355723477f5f504a2fdfb53d92
  original:
    hackage: papa-lens-export-0.3.1@sha256:597c67c2ac86190204a1b533132867fa0c10b23f706865cdd8308f3cae70574e,1354
- completed:
    hackage: papa-lens-implement-0.3.1@sha256:da2333189ffcd759469796ac61f16ca0d5b40fd6349279d4719e653783893931,1517
    pantry-tree:
      size: 515
      sha256: 321464c1aff7b4ad7a390b35d200a3254d245c6be095e767d408fc74ca6eb4c7
  original:
    hackage: papa-lens-implement-0.3.1@sha256:da2333189ffcd759469796ac61f16ca0d5b40fd6349279d4719e653783893931,1517
- completed:
    hackage: papa-semigroupoids-0.3.1@sha256:7e3812d429a964d6d7a9645b52f96767ce7d5c3eca9837707d26852c9dbe40cf,1455
    pantry-tree:
      size: 278
      sha256: 7de336bf6bde96ac79051f5e7323a4673bc4cbec54440b45227c09930a8a345b
  original:
    hackage: papa-semigroupoids-0.3.1@sha256:7e3812d429a964d6d7a9645b52f96767ce7d5c3eca9837707d26852c9dbe40cf,1455
- completed:
    hackage: papa-semigroupoids-export-0.3.1@sha256:35096c64ce9b1022fa5637c6f113b54e4571077d45063eca0501c54bbf0deb9a,1399
    pantry-tree:
      size: 293
      sha256: ed86b8dc481cfe16095be68ab2c2bc807d285f72aefdc781e37af21f6b398d9c
  original:
    hackage: papa-semigroupoids-export-0.3.1@sha256:35096c64ce9b1022fa5637c6f113b54e4571077d45063eca0501c54bbf0deb9a,1399
- completed:
    hackage: papa-semigroupoids-implement-0.3.1@sha256:faf05ee1747a9efd40b160be6868e9589c2a6554455903b7511be9b006212c20,1598
    pantry-tree:
      size: 490
      sha256: db8d9f9d744e9895826692ea35391cabff90a2a86a241688f4cc78276881b1db
  original:
    hackage: papa-semigroupoids-implement-0.3.1@sha256:faf05ee1747a9efd40b160be6868e9589c2a6554455903b7511be9b006212c20,1598
- completed:
    hackage: papa-x-0.3.1@sha256:66459325002db9a8568532fcb9d437ae933cdaaf8306fba19772528f52948c16,1407
    pantry-tree:
      size: 254
      sha256: db56e9ae14d543653965a975c5ad87438a3cdf99ab283eb2a59b7462bccae8fc
  original:
    hackage: papa-x-0.3.1@sha256:66459325002db9a8568532fcb9d437ae933cdaaf8306fba19772528f52948c16,1407
- completed:
    hackage: papa-x-export-0.3.1@sha256:54b362010532140a66d6db89001175ca3d396d8d6a5ca89606c3bca57cbc0e72,1285
    pantry-tree:
      size: 267
      sha256: 937c0e0a35728be2b2ceb056d3d54b3626c01072812516f61c97273c46157523
  original:
    hackage: papa-x-export-0.3.1@sha256:54b362010532140a66d6db89001175ca3d396d8d6a5ca89606c3bca57cbc0e72,1285
- completed:
    hackage: papa-x-implement-0.3.1@sha256:148ba519294dad3e465a1d85f4d0e217acd1704d594b63e781c2a1d910e91837,1303
    pantry-tree:
      size: 273
      sha256: d90f7293ce869d7e1cf97cbd17182046d553c7734711c3165e60631bdeb21fb8
  original:
    hackage: papa-x-implement-0.3.1@sha256:148ba519294dad3e465a1d85f4d0e217acd1704d594b63e781c2a1d910e91837,1303
snapshots:
- completed:
    size: 524996
    url: https://raw.githubusercontent.com/commercialhaskell/stackage-snapshots/master/lts/14/27.yaml
    sha256: 7ea31a280c56bf36ff591a7397cc384d0dff622e7f9e4225b47d8980f019a0f0
  original: lts-14.27
